// !$*UTF8*$!
{
	archiveVersion = 1;
	classes = {
	};
	objectVersion = 46;
	objects = {

/* Begin PBXBuildFile section */
		9367100E1B3ACB1F00404EAF /* AppDelegate.swift in Sources */ = {isa = PBXBuildFile; fileRef = 9367100D1B3ACB1F00404EAF /* AppDelegate.swift */; };
		936710101B3ACB1F00404EAF /* ViewController.swift in Sources */ = {isa = PBXBuildFile; fileRef = 9367100F1B3ACB1F00404EAF /* ViewController.swift */; };
		936710131B3ACB1F00404EAF /* Main.storyboard in Resources */ = {isa = PBXBuildFile; fileRef = 936710111B3ACB1F00404EAF /* Main.storyboard */; };
		936710151B3ACB1F00404EAF /* Images.xcassets in Resources */ = {isa = PBXBuildFile; fileRef = 936710141B3ACB1F00404EAF /* Images.xcassets */; };
		936710181B3ACB1F00404EAF /* LaunchScreen.xib in Resources */ = {isa = PBXBuildFile; fileRef = 936710161B3ACB1F00404EAF /* LaunchScreen.xib */; };
		936710241B3ACB1F00404EAF /* mob_lesson_8Tests.swift in Sources */ = {isa = PBXBuildFile; fileRef = 936710231B3ACB1F00404EAF /* mob_lesson_8Tests.swift */; };
		9367102E1B3ACD5700404EAF /* secondpageViewController.swift in Sources */ = {isa = PBXBuildFile; fileRef = 9367102D1B3ACD5700404EAF /* secondpageViewController.swift */; };
/* End PBXBuildFile section */

/* Begin PBXContainerItemProxy section */
		9367101E1B3ACB1F00404EAF /* PBXContainerItemProxy */ = {
			isa = PBXContainerItemProxy;
			containerPortal = 936710001B3ACB1F00404EAF /* Project object */;
			proxyType = 1;
			remoteGlobalIDString = 936710071B3ACB1F00404EAF;
			remoteInfo = "mob-lesson 8";
		};
/* End PBXContainerItemProxy section */

/* Begin PBXFileReference section */
		936710081B3ACB1F00404EAF /* mob-lesson 8.app */ = {isa = PBXFileReference; explicitFileType = wrapper.application; includeInIndex = 0; path = "mob-lesson 8.app"; sourceTree = BUILT_PRODUCTS_DIR; };
		9367100C1B3ACB1F00404EAF /* Info.plist */ = {isa = PBXFileReference; lastKnownFileType = text.plist.xml; path = Info.plist; sourceTree = "<group>"; };
		9367100D1B3ACB1F00404EAF /* AppDelegate.swift */ = {isa = PBXFileReference; lastKnownFileType = sourcecode.swift; path = AppDelegate.swift; sourceTree = "<group>"; };
		9367100F1B3ACB1F00404EAF /* ViewController.swift */ = {isa = PBXFileReference; lastKnownFileType = sourcecode.swift; path = ViewController.swift; sourceTree = "<group>"; };
		936710121B3ACB1F00404EAF /* Base */ = {isa = PBXFileReference; lastKnownFileType = file.storyboard; name = Base; path = Base.lproj/Main.storyboard; sourceTree = "<group>"; };
		936710141B3ACB1F00404EAF /* Images.xcassets */ = {isa = PBXFileReference; lastKnownFileType = folder.assetcatalog; path = Images.xcassets; sourceTree = "<group>"; };
		936710171B3ACB1F00404EAF /* Base */ = {isa = PBXFileReference; lastKnownFileType = file.xib; name = Base; path = Base.lproj/LaunchScreen.xib; sourceTree = "<group>"; };
		9367101D1B3ACB1F00404EAF /* mob-lesson 8Tests.xctest */ = {isa = PBXFileReference; explicitFileType = wrapper.cfbundle; includeInIndex = 0; path = "mob-lesson 8Tests.xctest"; sourceTree = BUILT_PRODUCTS_DIR; };
		936710221B3ACB1F00404EAF /* Info.plist */ = {isa = PBXFileReference; lastKnownFileType = text.plist.xml; path = Info.plist; sourceTree = "<group>"; };
		936710231B3ACB1F00404EAF /* mob_lesson_8Tests.swift */ = {isa = PBXFileReference; lastKnownFileType = sourcecode.swift; path = mob_lesson_8Tests.swift; sourceTree = "<group>"; };
		9367102D1B3ACD5700404EAF /* secondpageViewController.swift */ = {isa = PBXFileReference; fileEncoding = 4; lastKnownFileType = sourcecode.swift; path = secondpageViewController.swift; sourceTree = "<group>"; };
/* End PBXFileReference section */

/* Begin PBXFrameworksBuildPhase section */
		936710051B3ACB1F00404EAF /* Frameworks */ = {
			isa = PBXFrameworksBuildPhase;
			buildActionMask = 2147483647;
			files = (
			);
			runOnlyForDeploymentPostprocessing = 0;
		};
		9367101A1B3ACB1F00404EAF /* Frameworks */ = {
			isa = PBXFrameworksBuildPhase;
			buildActionMask = 2147483647;
			files = (
			);
			runOnlyForDeploymentPostprocessing = 0;
		};
/* End PBXFrameworksBuildPhase section */

/* Begin PBXGroup section */
		93670FFF1B3ACB1F00404EAF = {
			isa = PBXGroup;
			children = (
				9367100A1B3ACB1F00404EAF /* mob-lesson 8 */,
				936710201B3ACB1F00404EAF /* mob-lesson 8Tests */,
				936710091B3ACB1F00404EAF /* Products */,
			);
			sourceTree = "<group>";
		};
		936710091B3ACB1F00404EAF /* Products */ = {
			isa = PBXGroup;
			children = (
				936710081B3ACB1F00404EAF /* mob-lesson 8.app */,
				9367101D1B3ACB1F00404EAF /* mob-lesson 8Tests.xctest */,
			);
			name = Products;
			sourceTree = "<group>";
		};
		9367100A1B3ACB1F00404EAF /* mob-lesson 8 */ = {
			isa = PBXGroup;
			children = (
				9367100D1B3ACB1F00404EAF /* AppDelegate.swift */,
				9367100F1B3ACB1F00404EAF /* ViewController.swift */,
				936710111B3ACB1F00404EAF /* Main.storyboard */,
				9367102D1B3ACD5700404EAF /* secondpageViewController.swift */,
				936710141B3ACB1F00404EAF /* Images.xcassets */,
				936710161B3ACB1F00404EAF /* LaunchScreen.xib */,
				9367100B1B3ACB1F00404EAF /* Supporting Files */,
			);
			path = "mob-lesson 8";
			sourceTree = "<group>";
		};
		9367100B1B3ACB1F00404EAF /* Supporting Files */ = {
			isa = PBXGroup;
			children = (
				9367100C1B3ACB1F00404EAF /* Info.plist */,
			);
			name = "Supporting Files";
			sourceTree = "<group>";
		};
		936710201B3ACB1F00404EAF /* mob-lesson 8Tests */ = {
			isa = PBXGroup;
			children = (
				936710231B3ACB1F00404EAF /* mob_lesson_8Tests.swift */,
				936710211B3ACB1F00404EAF /* Supporting Files */,
			);
			path = "mob-lesson 8Tests";
			sourceTree = "<group>";
		};
		936710211B3ACB1F00404EAF /* Supporting Files */ = {
			isa = PBXGroup;
			children = (
				936710221B3ACB1F00404EAF /* Info.plist */,
			);
			name = "Supporting Files";
			sourceTree = "<group>";
		};
/* End PBXGroup section */

/* Begin PBXNativeTarget section */
		936710071B3ACB1F00404EAF /* mob-lesson 8 */ = {
			isa = PBXNativeTarget;
			buildConfigurationList = 936710271B3ACB1F00404EAF /* Build configuration list for PBXNativeTarget "mob-lesson 8" */;
			buildPhases = (
				936710041B3ACB1F00404EAF /* Sources */,
				936710051B3ACB1F00404EAF /* Frameworks */,
				936710061B3ACB1F00404EAF /* Resources */,
			);
			buildRules = (
			);
			dependencies = (
			);
			name = "mob-lesson 8";
			productName = "mob-lesson 8";
			productReference = 936710081B3ACB1F00404EAF /* mob-lesson 8.app */;
			productType = "com.apple.product-type.application";
		};
		9367101C1B3ACB1F00404EAF /* mob-lesson 8Tests */ = {
			isa = PBXNativeTarget;
			buildConfigurationList = 9367102A1B3ACB1F00404EAF /* Build configuration list for PBXNativeTarget "mob-lesson 8Tests" */;
			buildPhases = (
				936710191B3ACB1F00404EAF /* Sources */,
				9367101A1B3ACB1F00404EAF /* Frameworks */,
				9367101B1B3ACB1F00404EAF /* Resources */,
			);
			buildRules = (
			);
			dependencies = (
				9367101F1B3ACB1F00404EAF /* PBXTargetDependency */,
			);
			name = "mob-lesson 8Tests";
			productName = "mob-lesson 8Tests";
			productReference = 9367101D1B3ACB1F00404EAF /* mob-lesson 8Tests.xctest */;
			productType = "com.apple.product-type.bundle.unit-test";
		};
/* End PBXNativeTarget section */

/* Begin PBXProject section */
		936710001B3ACB1F00404EAF /* Project object */ = {
			isa = PBXProject;
			attributes = {
				LastUpgradeCheck = 0630;
				ORGANIZATIONNAME = "Obence Ma";
				TargetAttributes = {
					936710071B3ACB1F00404EAF = {
						CreatedOnToolsVersion = 6.3.2;
					};
					9367101C1B3ACB1F00404EAF = {
						CreatedOnToolsVersion = 6.3.2;
						TestTargetID = 936710071B3ACB1F00404EAF;
					};
				};
			};
			buildConfigurationList = 936710031B3ACB1F00404EAF /* Build configuration list for PBXProject "mob-lesson 8" */;
			compatibilityVersion = "Xcode 3.2";
			developmentRegion = English;
			hasScannedForEncodings = 0;
			knownRegions = (
				en,
				Base,
			);
			mainGroup = 93670FFF1B3ACB1F00404EAF;
			productRefGroup = 936710091B3ACB1F00404EAF /* Products */;
			projectDirPath = "";
			projectRoot = "";
			targets = (
				936710071B3ACB1F00404EAF /* mob-lesson 8 */,
				9367101C1B3ACB1F00404EAF /* mob-lesson 8Tests */,
			);
		};
/* End PBXProject section */

/* Begin PBXResourcesBuildPhase section */
		936710061B3ACB1F00404EAF /* Resources */ = {
			isa = PBXResourcesBuildPhase;
			buildActionMask = 2147483647;
			files = (
				936710131B3ACB1F00404EAF /* Main.storyboard in Resources */,
				936710181B3ACB1F00404EAF /* LaunchScreen.xib in Resources */,
				936710151B3ACB1F00404EAF /* Images.xcassets in Resources */,
			);
			runOnlyForDeploymentPostprocessing = 0;
		};
		9367101B1B3ACB1F00404EAF /* Resources */ = {
			isa = PBXResourcesBuildPhase;
			buildActionMask = 2147483647;
			files = (
			);
			runOnlyForDeploymentPostprocessing = 0;
		};
/* End PBXResourcesBuildPhase section */

/* Begin PBXSourcesBuildPhase section */
		936710041B3ACB1F00404EAF /* Sources */ = {
			isa = PBXSourcesBuildPhase;
			buildActionMask = 2147483647;
			files = (
				936710101B3ACB1F00404EAF /* ViewController.swift in Sources */,
				9367100E1B3ACB1F00404EAF /* AppDelegate.swift in Sources */,
				9367102E1B3ACD5700404EAF /* secondpageViewController.swift in Sources */,
			);
			runOnlyForDeploymentPostprocessing = 0;
		};
		936710191B3ACB1F00404EAF /* Sources */ = {
			isa = PBXSourcesBuildPhase;
			buildActionMask = 2147483647;
			files = (
				936710241B3ACB1F00404EAF /* mob_lesson_8Tests.swift in Sources */,
			);
			runOnlyForDeploymentPostprocessing = 0;
		};
/* End PBXSourcesBuildPhase section */

/* Begin PBXTargetDependency section */
		9367101F1B3ACB1F00404EAF /* PBXTargetDependency */ = {
			isa = PBXTargetDependency;
			target = 936710071B3ACB1F00404EAF /* mob-lesson 8 */;
			targetProxy = 9367101E1B3ACB1F00404EAF /* PBXContainerItemProxy */;
		};
/* End PBXTargetDependency section */

/* Begin PBXVariantGroup section */
		936710111B3ACB1F00404EAF /* Main.storyboard */ = {
			isa = PBXVariantGroup;
			children = (
				936710121B3ACB1F00404EAF /* Base */,
			);
			name = Main.storyboard;
			sourceTree = "<group>";
		};
		936710161B3ACB1F00404EAF /* LaunchScreen.xib */ = {
			isa = PBXVariantGroup;
			children = (
				936710171B3ACB1F00404EAF /* Base */,
			);
			name = LaunchScreen.xib;
			sourceTree = "<group>";
		};
/* End PBXVariantGroup section */

/* Begin XCBuildConfiguration section */
		936710251B3ACB1F00404EAF /* Debug */ = {
			isa = XCBuildConfiguration;
			buildSettings = {
				ALWAYS_SEARCH_USER_PATHS = NO;
				CLANG_CXX_LANGUAGE_STANDARD = "gnu++0x";
				CLANG_CXX_LIBRARY = "libc++";
				CLANG_ENABLE_MODULES = YES;
				CLANG_ENABLE_OBJC_ARC = YES;
				CLANG_WARN_BOOL_CONVERSION = YES;
				CLANG_WARN_CONSTANT_CONVERSION = YES;
				CLANG_WARN_DIRECT_OBJC_ISA_USAGE = YES_ERROR;
				CLANG_WARN_EMPTY_BODY = YES;
				CLANG_WARN_ENUM_CONVERSION = YES;
				CLANG_WARN_INT_CONVERSION = YES;
				CLANG_WARN_OBJC_ROOT_CLASS = YES_ERROR;
				CLANG_WARN_UNREACHABLE_CODE = YES;
				CLANG_WARN__DUPLICATE_METHOD_MATCH = YES;
				"CODE_SIGN_IDENTITY[sdk=iphoneos*]" = "iPhone Developer";
				COPY_PHASE_STRIP = NO;
				DEBUG_INFORMATION_FORMAT = "dwarf-with-dsym";
				ENABLE_STRICT_OBJC_MSGSEND = YES;
				GCC_C_LANGUAGE_STANDARD = gnu99;
				GCC_DYNAMIC_NO_PIC = NO;
				GCC_NO_COMMON_BLOCKS = YES;
				GCC_OPTIMIZATION_LEVEL = 0;
				GCC_PREPROCESSOR_DEFINITIONS = (
					"DEBUG=1",
					"$(inherited)",
				);
				GCC_SYMBOLS_PRIVATE_EXTERN = NO;
				GCC_WARN_64_TO_32_BIT_CONVERSION = YES;
				GCC_WARN_ABOUT_RETURN_TYPE = YES_ERROR;
				GCC_WARN_UNDECLARED_SELECTOR = YES;
				GCC_WARN_UNINITIALIZED_AUTOS = YES_AGGRESSIVE;
				GCC_WARN_UNUSED_FUNCTION = YES;
				GCC_WARN_UNUSED_VARIABLE = YES;
				IPHONEOS_DEPLOYMENT_TARGET = 8.3;
				MTL_ENABLE_DEBUG_INFO = YES;
				ONLY_ACTIVE_ARCH = YES;
				SDKROOT = iphoneos;
				SWIFT_OPTIMIZATION_LEVEL = "-Onone";
			};
			name = Debug;
		};
		936710261B3ACB1F00404EAF /* Release */ = {
			isa = XCBuildConfiguration;
			buildSettings = {
				ALWAYS_SEARCH_USER_PATHS = NO;
				CLANG_CXX_LANGUAGE_STANDARD = "gnu++0x";
				CLANG_CXX_LIBRARY = "libc++";
				CLANG_ENABLE_MODULES = YES;
				CLANG_ENABLE_OBJC_ARC = YES;
				CLANG_WARN_BOOL_CONVERSION = YES;
				CLANG_WARN_CONSTANT_CONVERSION = YES;
				CLANG_WARN_DIRECT_OBJC_ISA_USAGE = YES_ERROR;
				CLANG_WARN_EMPTY_BODY = YES;
				CLANG_WARN_ENUM_CONVERSION = YES;
				CLANG_WARN_INT_CONVERSION = YES;
				CLANG_WARN_OBJC_ROOT_CLASS = YES_ERROR;
				CLANG_WARN_UNREACHABLE_CODE = YES;
				CLANG_WARN__DUPLICATE_METHOD_MATCH = YES;
				"CODE_SIGN_IDENTITY[sdk=iphoneos*]" = "iPhone Developer";
				COPY_PHASE_STRIP = NO;
				DEBUG_INFORMATION_FORMAT = "dwarf-with-dsym";
				ENABLE_NS_ASSERTIONS = NO;
				ENABLE_STRICT_OBJC_MSGSEND = YES;
				GCC_C_LANGUAGE_STANDARD = gnu99;
				GCC_NO_COMMON_BLOCKS = YES;
				GCC_WARN_64_TO_32_BIT_CONVERSION = YES;
				GCC_WARN_ABOUT_RETURN_TYPE = YES_ERROR;
				GCC_WARN_UNDECLARED_SELECTOR = YES;
				GCC_WARN_UNINITIALIZED_AUTOS = YES_AGGRESSIVE;
				GCC_WARN_UNUSED_FUNCTION = YES;
				GCC_WARN_UNUSED_VARIABLE = YES;
				IPHONEOS_DEPLOYMENT_TARGET = 8.3;
				MTL_ENABLE_DEBUG_INFO = NO;
				SDKROOT = iphoneos;
				VALIDATE_PRODUCT = YES;
			};
			name = Release;
		};
		936710281B3ACB1F00404EAF /* Debug */ = {
			isa = XCBuildConfiguration;
			buildSettings = {
				ASSETCATALOG_COMPILER_APPICON_NAME = AppIcon;
				INFOPLIST_FILE = "mob-lesson 8/Info.plist";
				LD_RUNPATH_SEARCH_PATHS = "$(inherited) @executable_path/Frameworks";
				PRODUCT_NAME = "$(TARGET_NAME)";
			};
			name = Debug;
		};
		936710291B3ACB1F00404EAF /* Release */ = {
			isa = XCBuildConfiguration;
			buildSettings = {
				ASSETCATALOG_COMPILER_APPICON_NAME = AppIcon;
				INFOPLIST_FILE = "mob-lesson 8/Info.plist";
				LD_RUNPATH_SEARCH_PATHS = "$(inherited) @executable_path/Frameworks";
				PRODUCT_NAME = "$(TARGET_NAME)";
			};
			name = Release;
		};
		9367102B1B3ACB1F00404EAF /* Debug */ = {
			isa = XCBuildConfiguration;
			buildSettings = {
				BUNDLE_LOADER = "$(TEST_HOST)";
				FRAMEWORK_SEARCH_PATHS = (
					"$(SDKROOT)/Developer/Library/Frameworks",
					"$(inherited)",
				);
				GCC_PREPROCESSOR_DEFINITIONS = (
					"DEBUG=1",
					"$(inherited)",
				);
				INFOPLIST_FILE = "mob-lesson 8Tests/Info.plist";
				LD_RUNPATH_SEARCH_PATHS = "$(inherited) @executable_path/Frameworks @loader_path/Frameworks";
				PRODUCT_NAME = "$(TARGET_NAME)";
				TEST_HOST = "$(BUILT_PRODUCTS_DIR)/mob-lesson 8.app/mob-lesson 8";
			};
			name = Debug;
		};
		9367102C1B3ACB1F00404EAF /* Release */ = {
			isa = XCBuildConfiguration;
			buildSettings = {
				BUNDLE_LOADER = "$(TEST_HOST)";
				FRAMEWORK_SEARCH_PATHS = (
					"$(SDKROOT)/Developer/Library/Frameworks",
					"$(inherited)",
				);
				INFOPLIST_FILE = "mob-lesson 8Tests/Info.plist";
				LD_RUNPATH_SEARCH_PATHS = "$(inherited) @executable_path/Frameworks @loader_path/Frameworks";
				PRODUCT_NAME = "$(TARGET_NAME)";
				TEST_HOST = "$(BUILT_PRODUCTS_DIR)/mob-lesson 8.app/mob-lesson 8";
			};
			name = Release;
		};
/* End XCBuildConfiguration section */

/* Begin XCConfigurationList section */
		936710031B3ACB1F00404EAF /* Build configuration list for PBXProject "mob-lesson 8" */ = {
			isa = XCConfigurationList;
			buildConfigurations = (
				936710251B3ACB1F00404EAF /* Debug */,
				936710261B3ACB1F00404EAF /* Release */,
			);
			defaultConfigurationIsVisible = 0;
			defaultConfigurationName = Release;
		};
		936710271B3ACB1F00404EAF /* Build configuration list for PBXNativeTarget "mob-lesson 8" */ = {
			isa = XCConfigurationList;
			buildConfigurations = (
				936710281B3ACB1F00404EAF /* Debug */,
				936710291B3ACB1F00404EAF /* Release */,
			);
			defaultConfigurationIsVisible = 0;
		};
		9367102A1B3ACB1F00404EAF /* Build configuration list for PBXNativeTarget "mob-lesson 8Tests" */ = {
			isa = XCConfigurationList;
			buildConfigurations = (
				9367102B1B3ACB1F00404EAF /* Debug */,
				9367102C1B3ACB1F00404EAF /* Release */,
			);
			defaultConfigurationIsVisible = 0;
		};
/* End XCConfigurationList section */
	};
	rootObject = 936710001B3ACB1F00404EAF /* Project object */;
}
